
Microsoft Visual Studio Solution File, Format Version 12.00
# Visual Studio Version 17
VisualStudioVersion = 17.0.32126.317
MinimumVisualStudioVersion = 10.0.40219.1
Project("{9A19103F-16F7-4668-BE54-9A1E7A4F7556}") = "AkshayaOS.DAL", "AkshayaOS.DAL\AkshayaOS.DAL.csproj", "{48551A9A-1696-494E-AC9B-B3C9FEAE3497}"
EndProject
Project("{FAE04EC0-301F-11D3-BF4B-00C04F79EFBC}") = "AkshayaOS.Services", "AkshayaOS.Services\AkshayaOS.Services.csproj", "{EA85AF2D-D115-46EC-9C43-CAA50EFB69AE}"
EndProject
Global
	GlobalSection(SolutionConfigurationPlatforms) = preSolution
		Debug|Any CPU = Debug|Any CPU
		Release|Any CPU = Release|Any CPU
	EndGlobalSection
	GlobalSection(ProjectConfigurationPlatforms) = postSolution
		{48551A9A-1696-494E-AC9B-B3C9FEAE3497}.Debug|Any CPU.ActiveCfg = Debug|Any CPU
		{48551A9A-1696-494E-AC9B-B3C9FEAE3497}.Debug|Any CPU.Build.0 = Debug|Any CPU
		{48551A9A-1696-494E-AC9B-B3C9FEAE3497}.Release|Any CPU.ActiveCfg = Release|Any CPU
		{48551A9A-1696-494E-AC9B-B3C9FEAE3497}.Release|Any CPU.Build.0 = Release|Any CPU
		{EA85AF2D-D115-46EC-9C43-CAA50EFB69AE}.Debug|Any CPU.ActiveCfg = Debug|Any CPU
		{EA85AF2D-D115-46EC-9C43-CAA50EFB69AE}.Debug|Any CPU.Build.0 = Debug|Any CPU
		{EA85AF2D-D115-46EC-9C43-CAA50EFB69AE}.Release|Any CPU.ActiveCfg = Release|Any CPU
		{EA85AF2D-D115-46EC-9C43-CAA50EFB69AE}.Release|Any CPU.Build.0 = Release|Any CPU
	EndGlobalSection
	GlobalSection(SolutionProperties) = preSolution
		HideSolutionNode = FALSE
	EndGlobalSection
	GlobalSection(ExtensibilityGlobals) = postSolution
		SolutionGuid = {5A9B4E4A-5B9C-427D-BDBB-A42D87A83A96}
	EndGlobalSection
EndGlobal
